
Microsoft Visual Studio Solution File, Format Version 12.00
# Visual Studio Version 16
VisualStudioVersion = 16.0.31019.35
MinimumVisualStudioVersion = 10.0.40219.1
Project("{8BC9CEB8-8B4A-11D0-8D11-00A0C91BC942}") = "PetManagementApp", "PetManagementApp\PetManagementApp.vcxproj", "{58CB5059-1CBC-4CAB-8E3B-D38C6038EF07}"
EndProject
Global
	GlobalSection(SolutionConfigurationPlatforms) = preSolution
		Debug|x64 = Debug|x64
		Debug|x86 = Debug|x86
		Release|x64 = Release|x64
		Release|x86 = Release|x86
	EndGlobalSection
	GlobalSection(ProjectConfigurationPlatforms) = postSolution
		{58CB5059-1CBC-4CAB-8E3B-D38C6038EF07}.Debug|x64.ActiveCfg = Debug|x64
		{58CB5059-1CBC-4CAB-8E3B-D38C6038EF07}.Debug|x64.Build.0 = Debug|x64
		{58CB5059-1CBC-4CAB-8E3B-D38C6038EF07}.Debug|x86.ActiveCfg = Debug|Win32
		{58CB5059-1CBC-4CAB-8E3B-D38C6038EF07}.Debug|x86.Build.0 = Debug|Win32
		{58CB5059-1CBC-4CAB-8E3B-D38C6038EF07}.Release|x64.ActiveCfg = Release|x64
		{58CB5059-1CBC-4CAB-8E3B-D38C6038EF07}.Release|x64.Build.0 = Release|x64
		{58CB5059-1CBC-4CAB-8E3B-D38C6038EF07}.Release|x86.ActiveCfg = Release|Win32
		{58CB5059-1CBC-4CAB-8E3B-D38C6038EF07}.Release|x86.Build.0 = Release|Win32
	EndGlobalSection
	GlobalSection(SolutionProperties) = preSolution
		HideSolutionNode = FALSE
	EndGlobalSection
	GlobalSection(ExtensibilityGlobals) = postSolution
		SolutionGuid = {426F2234-83B1-417F-A45A-776E4606D8F2}
	EndGlobalSection
EndGlobal
